{
  "requires": true,
  "lockfileVersion": 1,
  "dependencies": {
    "vue-bot-ui": {
      "version": "0.2.6",
      "resolved": "https://registry.npmjs.org/vue-bot-ui/-/vue-bot-ui-0.2.6.tgz",
      "integrity": "sha512-WxlX+wOrj6XpAUm8r1vDHMrzOYTk1gwmjSPyMyx0bEeNWzo8hdxGTMuqpV1Dk5Cp4uknYL+mJdmQg99i87vK1A=="
    }
  }
}
